[root]
name = "RustyCardboard"
version = "0.0.1"
dependencies = [
 "android_glue 0.0.1 (git+https://github.com/skligys/android-rs-glue)",
 "gl_common 0.0.4 (registry+https://github.com/rust-lang/crates.io-index)",
 "gl_generator 0.0.18 (registry+https://github.com/rust-lang/crates.io-index)",
 "glutin 0.0.4 (git+https://github.com/skligys/glutin)",
 "khronos_api 0.0.5 (registry+https://github.com/rust-lang/crates.io-index)",
]

[[package]]
name = "android_glue"
version = "0.0.1"
source = "git+https://github.com/skligys/android-rs-glue#e133b3f5aa12bf2cba1191cac1af83a873d67e9d"

[[package]]
name = "bitflags"
version = "0.1.1"
source = "registry+https://github.com/rust-lang/crates.io-index"

[[package]]
name = "cocoa"
version = "0.1.1"
source = "git+https://github.com/servo/rust-cocoa#7768a8f6af73d132b68e5cad6a0d81ec54102abe"
dependencies = [
 "bitflags 0.1.1 (registry+https://github.com/rust-lang/crates.io-index)",
 "libc 0.1.2 (registry+https://github.com/rust-lang/crates.io-index)",
]

[[package]]
name = "core_foundation"
version = "0.1.0"
source = "git+https://github.com/servo/rust-core-foundation#c577bd64b0301fe926cf7b757b9852a1ce1d521d"
dependencies = [
 "libc 0.1.2 (registry+https://github.com/rust-lang/crates.io-index)",
]

[[package]]
name = "core_graphics"
version = "0.1.0"
source = "git+https://github.com/servo/rust-core-graphics#9434e2bda65d259f825104170b5fa6cc6dbaf5a9"
dependencies = [
 "core_foundation 0.1.0 (git+https://github.com/servo/rust-core-foundation)",
]

[[package]]
name = "gdi32-sys"
version = "0.0.4"
source = "registry+https://github.com/rust-lang/crates.io-index"
dependencies = [
 "winapi 0.1.12 (registry+https://github.com/rust-lang/crates.io-index)",
]

[[package]]
name = "gl_common"
version = "0.0.4"
source = "registry+https://github.com/rust-lang/crates.io-index"
dependencies = [
 "libc 0.1.2 (registry+https://github.com/rust-lang/crates.io-index)",
]

[[package]]
name = "gl_generator"
version = "0.0.18"
source = "registry+https://github.com/rust-lang/crates.io-index"
dependencies = [
 "khronos_api 0.0.5 (registry+https://github.com/rust-lang/crates.io-index)",
 "log 0.2.4 (registry+https://github.com/rust-lang/crates.io-index)",
 "xml-rs 0.1.18 (registry+https://github.com/rust-lang/crates.io-index)",
]

[[package]]
name = "glutin"
version = "0.0.4"
source = "git+https://github.com/skligys/glutin#7091a96ac15c0948f7cd1e73bfbf23908b4070b4"
dependencies = [
 "android_glue 0.0.1 (git+https://github.com/skligys/android-rs-glue)",
 "cocoa 0.1.1 (git+https://github.com/servo/rust-cocoa)",
 "core_foundation 0.1.0 (git+https://github.com/servo/rust-core-foundation)",
 "core_graphics 0.1.0 (git+https://github.com/servo/rust-core-graphics)",
 "gdi32-sys 0.0.4 (registry+https://github.com/rust-lang/crates.io-index)",
 "gl_common 0.0.4 (registry+https://github.com/rust-lang/crates.io-index)",
 "gl_generator 0.0.18 (registry+https://github.com/rust-lang/crates.io-index)",
 "kernel32-sys 0.0.8 (registry+https://github.com/rust-lang/crates.io-index)",
 "khronos_api 0.0.5 (registry+https://github.com/rust-lang/crates.io-index)",
 "libc 0.1.2 (registry+https://github.com/rust-lang/crates.io-index)",
 "user32-sys 0.0.10 (registry+https://github.com/rust-lang/crates.io-index)",
 "winapi 0.1.12 (registry+https://github.com/rust-lang/crates.io-index)",
]

[[package]]
name = "kernel32-sys"
version = "0.0.8"
source = "registry+https://github.com/rust-lang/crates.io-index"
dependencies = [
 "winapi 0.1.12 (registry+https://github.com/rust-lang/crates.io-index)",
]

[[package]]
name = "khronos_api"
version = "0.0.5"
source = "registry+https://github.com/rust-lang/crates.io-index"

[[package]]
name = "libc"
version = "0.1.2"
source = "registry+https://github.com/rust-lang/crates.io-index"

[[package]]
name = "log"
version = "0.2.4"
source = "registry+https://github.com/rust-lang/crates.io-index"

[[package]]
name = "user32-sys"
version = "0.0.10"
source = "registry+https://github.com/rust-lang/crates.io-index"
dependencies = [
 "winapi 0.1.12 (registry+https://github.com/rust-lang/crates.io-index)",
]

[[package]]
name = "winapi"
version = "0.1.12"
source = "registry+https://github.com/rust-lang/crates.io-index"
dependencies = [
 "libc 0.1.2 (registry+https://github.com/rust-lang/crates.io-index)",
]

[[package]]
name = "xml-rs"
version = "0.1.18"
source = "registry+https://github.com/rust-lang/crates.io-index"
dependencies = [
 "bitflags 0.1.1 (registry+https://github.com/rust-lang/crates.io-index)",
]

